
Microsoft Visual Studio Solution File, Format Version 12.00
# Visual Studio Version 17
VisualStudioVersion = 17.7.34031.279
MinimumVisualStudioVersion = 10.0.40219.1
Project("{FAE04EC0-301F-11D3-BF4B-00C04F79EFBC}") = "StackOperation", "StackOperation.csproj", "{1E0CDFD1-0A56-4970-8B55-6B1F3362F203}"
EndProject
Global
	GlobalSection(SolutionConfigurationPlatforms) = preSolution
		Debug|Any CPU = Debug|Any CPU
		Release|Any CPU = Release|Any CPU
	EndGlobalSection
	GlobalSection(ProjectConfigurationPlatforms) = postSolution
		{1E0CDFD1-0A56-4970-8B55-6B1F3362F203}.Debug|Any CPU.ActiveCfg = Debug|Any CPU
		{1E0CDFD1-0A56-4970-8B55-6B1F3362F203}.Debug|Any CPU.Build.0 = Debug|Any CPU
		{1E0CDFD1-0A56-4970-8B55-6B1F3362F203}.Release|Any CPU.ActiveCfg = Release|Any CPU
		{1E0CDFD1-0A56-4970-8B55-6B1F3362F203}.Release|Any CPU.Build.0 = Release|Any CPU
	EndGlobalSection
	GlobalSection(SolutionProperties) = preSolution
		HideSolutionNode = FALSE
	EndGlobalSection
	GlobalSection(ExtensibilityGlobals) = postSolution
		SolutionGuid = {AB6C4496-6040-49F3-BD09-03F1C9B1678A}
	EndGlobalSection
EndGlobal
